// !$*UTF8*$!
{
	archiveVersion = 1;
	classes = {
	};
	objectVersion = 55;
	objects = {

/* Begin PBXBuildFile section */
		424C29E927BE1A4800C46747 /* LineCloneApp.swift in Sources */ = {isa = PBXBuildFile; fileRef = 424C29E827BE1A4800C46747 /* LineCloneApp.swift */; };
		424C29EB27BE1A4800C46747 /* ContentView.swift in Sources */ = {isa = PBXBuildFile; fileRef = 424C29EA27BE1A4800C46747 /* ContentView.swift */; };
		424C29ED27BE1A4900C46747 /* Assets.xcassets in Resources */ = {isa = PBXBuildFile; fileRef = 424C29EC27BE1A4900C46747 /* Assets.xcassets */; };
		424C29F027BE1A4900C46747 /* Preview Assets.xcassets in Resources */ = {isa = PBXBuildFile; fileRef = 424C29EF27BE1A4900C46747 /* Preview Assets.xcassets */; };
		424C29F827BE1AEE00C46747 /* FirebaseAuth in Frameworks */ = {isa = PBXBuildFile; productRef = 424C29F727BE1AEE00C46747 /* FirebaseAuth */; };
		424C29FA27BE1AEE00C46747 /* FirebaseFirestore in Frameworks */ = {isa = PBXBuildFile; productRef = 424C29F927BE1AEE00C46747 /* FirebaseFirestore */; };
		424C29FC27BE1AEE00C46747 /* FirebaseFirestoreSwift-Beta in Frameworks */ = {isa = PBXBuildFile; productRef = 424C29FB27BE1AEE00C46747 /* FirebaseFirestoreSwift-Beta */; };
		424C29FE27BE1AEE00C46747 /* FirebaseStorage in Frameworks */ = {isa = PBXBuildFile; productRef = 424C29FD27BE1AEE00C46747 /* FirebaseStorage */; };
		424C2A0127BE1B1900C46747 /* SDWebImageSwiftUI in Frameworks */ = {isa = PBXBuildFile; productRef = 424C2A0027BE1B1900C46747 /* SDWebImageSwiftUI */; };
		424C2A0327BE1CEE00C46747 /* GoogleService-Info.plist in Resources */ = {isa = PBXBuildFile; fileRef = 424C2A0227BE1CEE00C46747 /* GoogleService-Info.plist */; };
		424C2A0527BE1D2300C46747 /* FirebaseManager.swift in Sources */ = {isa = PBXBuildFile; fileRef = 424C2A0427BE1D2300C46747 /* FirebaseManager.swift */; };
		424C2A0727BE1E8800C46747 /* LoginView.swift in Sources */ = {isa = PBXBuildFile; fileRef = 424C2A0627BE1E8800C46747 /* LoginView.swift */; };
		424C2A0927BE1EA400C46747 /* User.swift in Sources */ = {isa = PBXBuildFile; fileRef = 424C2A0827BE1EA400C46747 /* User.swift */; };
		424C2A0D27BE57ED00C46747 /* ImagePicker.swift in Sources */ = {isa = PBXBuildFile; fileRef = 424C2A0C27BE57ED00C46747 /* ImagePicker.swift */; };
/* End PBXBuildFile section */

/* Begin PBXFileReference section */
		424C29E527BE1A4800C46747 /* LineClone.app */ = {isa = PBXFileReference; explicitFileType = wrapper.application; includeInIndex = 0; path = LineClone.app; sourceTree = BUILT_PRODUCTS_DIR; };
		424C29E827BE1A4800C46747 /* LineCloneApp.swift */ = {isa = PBXFileReference; lastKnownFileType = sourcecode.swift; path = LineCloneApp.swift; sourceTree = "<group>"; };
		424C29EA27BE1A4800C46747 /* ContentView.swift */ = {isa = PBXFileReference; lastKnownFileType = sourcecode.swift; path = ContentView.swift; sourceTree = "<group>"; };
		424C29EC27BE1A4900C46747 /* Assets.xcassets */ = {isa = PBXFileReference; lastKnownFileType = folder.assetcatalog; path = Assets.xcassets; sourceTree = "<group>"; };
		424C29EF27BE1A4900C46747 /* Preview Assets.xcassets */ = {isa = PBXFileReference; lastKnownFileType = folder.assetcatalog; path = "Preview Assets.xcassets"; sourceTree = "<group>"; };
		424C2A0227BE1CEE00C46747 /* GoogleService-Info.plist */ = {isa = PBXFileReference; fileEncoding = 4; lastKnownFileType = text.plist.xml; path = "GoogleService-Info.plist"; sourceTree = "<group>"; };
		424C2A0427BE1D2300C46747 /* FirebaseManager.swift */ = {isa = PBXFileReference; lastKnownFileType = sourcecode.swift; path = FirebaseManager.swift; sourceTree = "<group>"; };
		424C2A0627BE1E8800C46747 /* LoginView.swift */ = {isa = PBXFileReference; lastKnownFileType = sourcecode.swift; path = LoginView.swift; sourceTree = "<group>"; };
		424C2A0827BE1EA400C46747 /* User.swift */ = {isa = PBXFileReference; lastKnownFileType = sourcecode.swift; path = User.swift; sourceTree = "<group>"; };
		424C2A0C27BE57ED00C46747 /* ImagePicker.swift */ = {isa = PBXFileReference; lastKnownFileType = sourcecode.swift; path = ImagePicker.swift; sourceTree = "<group>"; };
/* End PBXFileReference section */

/* Begin PBXFrameworksBuildPhase section */
		424C29E227BE1A4800C46747 /* Frameworks */ = {
			isa = PBXFrameworksBuildPhase;
			buildActionMask = 2147483647;
			files = (
				424C2A0127BE1B1900C46747 /* SDWebImageSwiftUI in Frameworks */,
				424C29FC27BE1AEE00C46747 /* FirebaseFirestoreSwift-Beta in Frameworks */,
				424C29FE27BE1AEE00C46747 /* FirebaseStorage in Frameworks */,
				424C29F827BE1AEE00C46747 /* FirebaseAuth in Frameworks */,
				424C29FA27BE1AEE00C46747 /* FirebaseFirestore in Frameworks */,
			);
			runOnlyForDeploymentPostprocessing = 0;
		};
/* End PBXFrameworksBuildPhase section */

/* Begin PBXGroup section */
		424C29DC27BE1A4800C46747 = {
			isa = PBXGroup;
			children = (
				424C29E727BE1A4800C46747 /* LineClone */,
				424C29E627BE1A4800C46747 /* Products */,
			);
			sourceTree = "<group>";
		};
		424C29E627BE1A4800C46747 /* Products */ = {
			isa = PBXGroup;
			children = (
				424C29E527BE1A4800C46747 /* LineClone.app */,
			);
			name = Products;
			sourceTree = "<group>";
		};
		424C29E727BE1A4800C46747 /* LineClone */ = {
			isa = PBXGroup;
			children = (
				424C29E827BE1A4800C46747 /* LineCloneApp.swift */,
				424C29EA27BE1A4800C46747 /* ContentView.swift */,
				424C29EC27BE1A4900C46747 /* Assets.xcassets */,
				424C2A0227BE1CEE00C46747 /* GoogleService-Info.plist */,
				424C29EE27BE1A4900C46747 /* Preview Content */,
				424C2A0427BE1D2300C46747 /* FirebaseManager.swift */,
				424C2A0627BE1E8800C46747 /* LoginView.swift */,
				424C2A0827BE1EA400C46747 /* User.swift */,
				424C2A0C27BE57ED00C46747 /* ImagePicker.swift */,
			);
			path = LineClone;
			sourceTree = "<group>";
		};
		424C29EE27BE1A4900C46747 /* Preview Content */ = {
			isa = PBXGroup;
			children = (
				424C29EF27BE1A4900C46747 /* Preview Assets.xcassets */,
			);
			path = "Preview Content";
			sourceTree = "<group>";
		};
/* End PBXGroup section */

/* Begin PBXNativeTarget section */
		424C29E427BE1A4800C46747 /* LineClone */ = {
			isa = PBXNativeTarget;
			buildConfigurationList = 424C29F327BE1A4900C46747 /* Build configuration list for PBXNativeTarget "LineClone" */;
			buildPhases = (
				424C29E127BE1A4800C46747 /* Sources */,
				424C29E227BE1A4800C46747 /* Frameworks */,
				424C29E327BE1A4800C46747 /* Resources */,
			);
			buildRules = (
			);
			dependencies = (
			);
			name = LineClone;
			packageProductDependencies = (
				424C29F727BE1AEE00C46747 /* FirebaseAuth */,
				424C29F927BE1AEE00C46747 /* FirebaseFirestore */,
				424C29FB27BE1AEE00C46747 /* FirebaseFirestoreSwift-Beta */,
				424C29FD27BE1AEE00C46747 /* FirebaseStorage */,
				424C2A0027BE1B1900C46747 /* SDWebImageSwiftUI */,
			);
			productName = LineClone;
			productReference = 424C29E527BE1A4800C46747 /* LineClone.app */;
			productType = "com.apple.product-type.application";
		};
/* End PBXNativeTarget section */

/* Begin PBXProject section */
		424C29DD27BE1A4800C46747 /* Project object */ = {
			isa = PBXProject;
			attributes = {
				BuildIndependentTargetsInParallel = 1;
				LastSwiftUpdateCheck = 1320;
				LastUpgradeCheck = 1320;
				TargetAttributes = {
					424C29E427BE1A4800C46747 = {
						CreatedOnToolsVersion = 13.2.1;
					};
				};
			};
			buildConfigurationList = 424C29E027BE1A4800C46747 /* Build configuration list for PBXProject "LineClone" */;
			compatibilityVersion = "Xcode 13.0";
			developmentRegion = en;
			hasScannedForEncodings = 0;
			knownRegions = (
				en,
				Base,
			);
			mainGroup = 424C29DC27BE1A4800C46747;
			packageReferences = (
				424C29F627BE1AEE00C46747 /* XCRemoteSwiftPackageReference "firebase-ios-sdk" */,
				424C29FF27BE1B1800C46747 /* XCRemoteSwiftPackageReference "SDWebImageSwiftUI" */,
			);
			productRefGroup = 424C29E627BE1A4800C46747 /* Products */;
			projectDirPath = "";
			projectRoot = "";
			targets = (
				424C29E427BE1A4800C46747 /* LineClone */,
			);
		};
/* End PBXProject section */

/* Begin PBXResourcesBuildPhase section */
		424C29E327BE1A4800C46747 /* Resources */ = {
			isa = PBXResourcesBuildPhase;
			buildActionMask = 2147483647;
			files = (
				424C29F027BE1A4900C46747 /* Preview Assets.xcassets in Resources */,
				424C29ED27BE1A4900C46747 /* Assets.xcassets in Resources */,
				424C2A0327BE1CEE00C46747 /* GoogleService-Info.plist in Resources */,
			);
			runOnlyForDeploymentPostprocessing = 0;
		};
/* End PBXResourcesBuildPhase section */

/* Begin PBXSourcesBuildPhase section */
		424C29E127BE1A4800C46747 /* Sources */ = {
			isa = PBXSourcesBuildPhase;
			buildActionMask = 2147483647;
			files = (
				424C2A0527BE1D2300C46747 /* FirebaseManager.swift in Sources */,
				424C29EB27BE1A4800C46747 /* ContentView.swift in Sources */,
				424C2A0D27BE57ED00C46747 /* ImagePicker.swift in Sources */,
				424C2A0727BE1E8800C46747 /* LoginView.swift in Sources */,
				424C2A0927BE1EA400C46747 /* User.swift in Sources */,
				424C29E927BE1A4800C46747 /* LineCloneApp.swift in Sources */,
			);
			runOnlyForDeploymentPostprocessing = 0;
		};
/* End PBXSourcesBuildPhase section */

/* Begin XCBuildConfiguration section */
		424C29F127BE1A4900C46747 /* Debug */ = {
			isa = XCBuildConfiguration;
			buildSettings = {
				ALWAYS_SEARCH_USER_PATHS = NO;
				CLANG_ANALYZER_NONNULL = YES;
				CLANG_ANALYZER_NUMBER_OBJECT_CONVERSION = YES_AGGRESSIVE;
				CLANG_CXX_LANGUAGE_STANDARD = "gnu++17";
				CLANG_CXX_LIBRARY = "libc++";
				CLANG_ENABLE_MODULES = YES;
				CLANG_ENABLE_OBJC_ARC = YES;
				CLANG_ENABLE_OBJC_WEAK = YES;
				CLANG_WARN_BLOCK_CAPTURE_AUTORELEASING = YES;
				CLANG_WARN_BOOL_CONVERSION = YES;
				CLANG_WARN_COMMA = YES;
				CLANG_WARN_CONSTANT_CONVERSION = YES;
				CLANG_WARN_DEPRECATED_OBJC_IMPLEMENTATIONS = YES;
				CLANG_WARN_DIRECT_OBJC_ISA_USAGE = YES_ERROR;
				CLANG_WARN_DOCUMENTATION_COMMENTS = YES;
				CLANG_WARN_EMPTY_BODY = YES;
				CLANG_WARN_ENUM_CONVERSION = YES;
				CLANG_WARN_INFINITE_RECURSION = YES;
				CLANG_WARN_INT_CONVERSION = YES;
				CLANG_WARN_NON_LITERAL_NULL_CONVERSION = YES;
				CLANG_WARN_OBJC_IMPLICIT_RETAIN_SELF = YES;
				CLANG_WARN_OBJC_LITERAL_CONVERSION = YES;
				CLANG_WARN_OBJC_ROOT_CLASS = YES_ERROR;
				CLANG_WARN_QUOTED_INCLUDE_IN_FRAMEWORK_HEADER = YES;
				CLANG_WARN_RANGE_LOOP_ANALYSIS = YES;
				CLANG_WARN_STRICT_PROTOTYPES = YES;
				CLANG_WARN_SUSPICIOUS_MOVE = YES;
				CLANG_WARN_UNGUARDED_AVAILABILITY = YES_AGGRESSIVE;
				CLANG_WARN_UNREACHABLE_CODE = YES;
				CLANG_WARN__DUPLICATE_METHOD_MATCH = YES;
				COPY_PHASE_STRIP = NO;
				DEBUG_INFORMATION_FORMAT = dwarf;
				ENABLE_STRICT_OBJC_MSGSEND = YES;
				ENABLE_TESTABILITY = YES;
				GCC_C_LANGUAGE_STANDARD = gnu11;
				GCC_DYNAMIC_NO_PIC = NO;
				GCC_NO_COMMON_BLOCKS = YES;
				GCC_OPTIMIZATION_LEVEL = 0;
				GCC_PREPROCESSOR_DEFINITIONS = (
					"DEBUG=1",
					"$(inherited)",
				);
				GCC_WARN_64_TO_32_BIT_CONVERSION = YES;
				GCC_WARN_ABOUT_RETURN_TYPE = YES_ERROR;
				GCC_WARN_UNDECLARED_SELECTOR = YES;
				GCC_WARN_UNINITIALIZED_AUTOS = YES_AGGRESSIVE;
				GCC_WARN_UNUSED_FUNCTION = YES;
				GCC_WARN_UNUSED_VARIABLE = YES;
				IPHONEOS_DEPLOYMENT_TARGET = 15.2;
				MTL_ENABLE_DEBUG_INFO = INCLUDE_SOURCE;
				MTL_FAST_MATH = YES;
				ONLY_ACTIVE_ARCH = YES;
				SDKROOT = iphoneos;
				SWIFT_ACTIVE_COMPILATION_CONDITIONS = DEBUG;
				SWIFT_OPTIMIZATION_LEVEL = "-Onone";
			};
			name = Debug;
		};
		424C29F227BE1A4900C46747 /* Release */ = {
			isa = XCBuildConfiguration;
			buildSettings = {
				ALWAYS_SEARCH_USER_PATHS = NO;
				CLANG_ANALYZER_NONNULL = YES;
				CLANG_ANALYZER_NUMBER_OBJECT_CONVERSION = YES_AGGRESSIVE;
				CLANG_CXX_LANGUAGE_STANDARD = "gnu++17";
				CLANG_CXX_LIBRARY = "libc++";
				CLANG_ENABLE_MODULES = YES;
				CLANG_ENABLE_OBJC_ARC = YES;
				CLANG_ENABLE_OBJC_WEAK = YES;
				CLANG_WARN_BLOCK_CAPTURE_AUTORELEASING = YES;
				CLANG_WARN_BOOL_CONVERSION = YES;
				CLANG_WARN_COMMA = YES;
				CLANG_WARN_CONSTANT_CONVERSION = YES;
				CLANG_WARN_DEPRECATED_OBJC_IMPLEMENTATIONS = YES;
				CLANG_WARN_DIRECT_OBJC_ISA_USAGE = YES_ERROR;
				CLANG_WARN_DOCUMENTATION_COMMENTS = YES;
				CLANG_WARN_EMPTY_BODY = YES;
				CLANG_WARN_ENUM_CONVERSION = YES;
				CLANG_WARN_INFINITE_RECURSION = YES;
				CLANG_WARN_INT_CONVERSION = YES;
				CLANG_WARN_NON_LITERAL_NULL_CONVERSION = YES;
				CLANG_WARN_OBJC_IMPLICIT_RETAIN_SELF = YES;
				CLANG_WARN_OBJC_LITERAL_CONVERSION = YES;
				CLANG_WARN_OBJC_ROOT_CLASS = YES_ERROR;
				CLANG_WARN_QUOTED_INCLUDE_IN_FRAMEWORK_HEADER = YES;
				CLANG_WARN_RANGE_LOOP_ANALYSIS = YES;
				CLANG_WARN_STRICT_PROTOTYPES = YES;
				CLANG_WARN_SUSPICIOUS_MOVE = YES;
				CLANG_WARN_UNGUARDED_AVAILABILITY = YES_AGGRESSIVE;
				CLANG_WARN_UNREACHABLE_CODE = YES;
				CLANG_WARN__DUPLICATE_METHOD_MATCH = YES;
				COPY_PHASE_STRIP = NO;
				DEBUG_INFORMATION_FORMAT = "dwarf-with-dsym";
				ENABLE_NS_ASSERTIONS = NO;
				ENABLE_STRICT_OBJC_MSGSEND = YES;
				GCC_C_LANGUAGE_STANDARD = gnu11;
				GCC_NO_COMMON_BLOCKS = YES;
				GCC_WARN_64_TO_32_BIT_CONVERSION = YES;
				GCC_WARN_ABOUT_RETURN_TYPE = YES_ERROR;
				GCC_WARN_UNDECLARED_SELECTOR = YES;
				GCC_WARN_UNINITIALIZED_AUTOS = YES_AGGRESSIVE;
				GCC_WARN_UNUSED_FUNCTION = YES;
				GCC_WARN_UNUSED_VARIABLE = YES;
				IPHONEOS_DEPLOYMENT_TARGET = 15.2;
				MTL_ENABLE_DEBUG_INFO = NO;
				MTL_FAST_MATH = YES;
				SDKROOT = iphoneos;
				SWIFT_COMPILATION_MODE = wholemodule;
				SWIFT_OPTIMIZATION_LEVEL = "-O";
				VALIDATE_PRODUCT = YES;
			};
			name = Release;
		};
		424C29F427BE1A4900C46747 /* Debug */ = {
			isa = XCBuildConfiguration;
			buildSettings = {
				ASSETCATALOG_COMPILER_APPICON_NAME = AppIcon;
				ASSETCATALOG_COMPILER_GLOBAL_ACCENT_COLOR_NAME = AccentColor;
				CODE_SIGN_STYLE = Automatic;
				CURRENT_PROJECT_VERSION = 1;
				DEVELOPMENT_ASSET_PATHS = "\"LineClone/Preview Content\"";
				DEVELOPMENT_TEAM = XLS842JFZV;
				ENABLE_PREVIEWS = YES;
				GENERATE_INFOPLIST_FILE = YES;
				INFOPLIST_KEY_UIApplicationSceneManifest_Generation = YES;
				INFOPLIST_KEY_UIApplicationSupportsIndirectInputEvents = YES;
				INFOPLIST_KEY_UILaunchScreen_Generation = YES;
				INFOPLIST_KEY_UISupportedInterfaceOrientations_iPad = "UIInterfaceOrientationPortrait UIInterfaceOrientationPortraitUpsideDown UIInterfaceOrientationLandscapeLeft UIInterfaceOrientationLandscapeRight";
				INFOPLIST_KEY_UISupportedInterfaceOrientations_iPhone = "UIInterfaceOrientationPortrait UIInterfaceOrientationLandscapeLeft UIInterfaceOrientationLandscapeRight";
				LD_RUNPATH_SEARCH_PATHS = (
					"$(inherited)",
					"@executable_path/Frameworks",
				);
				MARKETING_VERSION = 1.0;
				PRODUCT_BUNDLE_IDENTIFIER = "Mr.-Beast.LineClone1";
				PRODUCT_NAME = "$(TARGET_NAME)";
				SWIFT_EMIT_LOC_STRINGS = YES;
				SWIFT_VERSION = 5.0;
				TARGETED_DEVICE_FAMILY = "1,2";
			};
			name = Debug;
		};
		424C29F527BE1A4900C46747 /* Release */ = {
			isa = XCBuildConfiguration;
			buildSettings = {
				ASSETCATALOG_COMPILER_APPICON_NAME = AppIcon;
				ASSETCATALOG_COMPILER_GLOBAL_ACCENT_COLOR_NAME = AccentColor;
				CODE_SIGN_STYLE = Automatic;
				CURRENT_PROJECT_VERSION = 1;
				DEVELOPMENT_ASSET_PATHS = "\"LineClone/Preview Content\"";
				DEVELOPMENT_TEAM = XLS842JFZV;
				ENABLE_PREVIEWS = YES;
				GENERATE_INFOPLIST_FILE = YES;
				INFOPLIST_KEY_UIApplicationSceneManifest_Generation = YES;
				INFOPLIST_KEY_UIApplicationSupportsIndirectInputEvents = YES;
				INFOPLIST_KEY_UILaunchScreen_Generation = YES;
				INFOPLIST_KEY_UISupportedInterfaceOrientations_iPad = "UIInterfaceOrientationPortrait UIInterfaceOrientationPortraitUpsideDown UIInterfaceOrientationLandscapeLeft UIInterfaceOrientationLandscapeRight";
				INFOPLIST_KEY_UISupportedInterfaceOrientations_iPhone = "UIInterfaceOrientationPortrait UIInterfaceOrientationLandscapeLeft UIInterfaceOrientationLandscapeRight";
				LD_RUNPATH_SEARCH_PATHS = (
					"$(inherited)",
					"@executable_path/Frameworks",
				);
				MARKETING_VERSION = 1.0;
				PRODUCT_BUNDLE_IDENTIFIER = "Mr.-Beast.LineClone1";
				PRODUCT_NAME = "$(TARGET_NAME)";
				SWIFT_EMIT_LOC_STRINGS = YES;
				SWIFT_VERSION = 5.0;
				TARGETED_DEVICE_FAMILY = "1,2";
			};
			name = Release;
		};
/* End XCBuildConfiguration section */

/* Begin XCConfigurationList section */
		424C29E027BE1A4800C46747 /* Build configuration list for PBXProject "LineClone" */ = {
			isa = XCConfigurationList;
			buildConfigurations = (
				424C29F127BE1A4900C46747 /* Debug */,
				424C29F227BE1A4900C46747 /* Release */,
			);
			defaultConfigurationIsVisible = 0;
			defaultConfigurationName = Release;
		};
		424C29F327BE1A4900C46747 /* Build configuration list for PBXNativeTarget "LineClone" */ = {
			isa = XCConfigurationList;
			buildConfigurations = (
				424C29F427BE1A4900C46747 /* Debug */,
				424C29F527BE1A4900C46747 /* Release */,
			);
			defaultConfigurationIsVisible = 0;
			defaultConfigurationName = Release;
		};
/* End XCConfigurationList section */

/* Begin XCRemoteSwiftPackageReference section */
		424C29F627BE1AEE00C46747 /* XCRemoteSwiftPackageReference "firebase-ios-sdk" */ = {
			isa = XCRemoteSwiftPackageReference;
			repositoryURL = "https://github.com/firebase/firebase-ios-sdk.git";
			requirement = {
				kind = upToNextMajorVersion;
				minimumVersion = 8.0.0;
			};
		};
		424C29FF27BE1B1800C46747 /* XCRemoteSwiftPackageReference "SDWebImageSwiftUI" */ = {
			isa = XCRemoteSwiftPackageReference;
			repositoryURL = "https://github.com/SDWebImage/SDWebImageSwiftUI";
			requirement = {
				kind = upToNextMajorVersion;
				minimumVersion = 2.0.0;
			};
		};
/* End XCRemoteSwiftPackageReference section */

/* Begin XCSwiftPackageProductDependency section */
		424C29F727BE1AEE00C46747 /* FirebaseAuth */ = {
			isa = XCSwiftPackageProductDependency;
			package = 424C29F627BE1AEE00C46747 /* XCRemoteSwiftPackageReference "firebase-ios-sdk" */;
			productName = FirebaseAuth;
		};
		424C29F927BE1AEE00C46747 /* FirebaseFirestore */ = {
			isa = XCSwiftPackageProductDependency;
			package = 424C29F627BE1AEE00C46747 /* XCRemoteSwiftPackageReference "firebase-ios-sdk" */;
			productName = FirebaseFirestore;
		};
		424C29FB27BE1AEE00C46747 /* FirebaseFirestoreSwift-Beta */ = {
			isa = XCSwiftPackageProductDependency;
			package = 424C29F627BE1AEE00C46747 /* XCRemoteSwiftPackageReference "firebase-ios-sdk" */;
			productName = "FirebaseFirestoreSwift-Beta";
		};
		424C29FD27BE1AEE00C46747 /* FirebaseStorage */ = {
			isa = XCSwiftPackageProductDependency;
			package = 424C29F627BE1AEE00C46747 /* XCRemoteSwiftPackageReference "firebase-ios-sdk" */;
			productName = FirebaseStorage;
		};
		424C2A0027BE1B1900C46747 /* SDWebImageSwiftUI */ = {
			isa = XCSwiftPackageProductDependency;
			package = 424C29FF27BE1B1800C46747 /* XCRemoteSwiftPackageReference "SDWebImageSwiftUI" */;
			productName = SDWebImageSwiftUI;
		};
/* End XCSwiftPackageProductDependency section */
	};
	rootObject = 424C29DD27BE1A4800C46747 /* Project object */;
}
